{
  "nodes": {
    "darwin": {
      "inputs": {
        "nixpkgs": [
          "nixpkgs"
        ]
      },
      "locked": {
        "lastModified": 1700795494,
        "narHash": "sha256-gzGLZSiOhf155FW7262kdHo2YDeugp3VuIFb4/GGng0=",
        "owner": "lnl7",
        "repo": "nix-darwin",
        "rev": "4b9b83d5a92e8c1fbfd8eb27eda375908c11ec4d",
        "type": "github"
      },
      "original": {
        "owner": "lnl7",
        "ref": "master",
        "repo": "nix-darwin",
        "type": "github"
      }
    },
    "flake-utils": {
      "inputs": {
        "systems": "systems"
      },
      "locked": {
        "lastModified": 1701680307,
        "narHash": "sha256-kAuep2h5ajznlPMD9rnQyffWG8EM/C73lejGofXvdM8=",
        "owner": "numtide",
        "repo": "flake-utils",
        "rev": "4022d587cbbfd70fe950c1e2083a02621806a725",
        "type": "github"
      },
      "original": {
        "owner": "numtide",
        "repo": "flake-utils",
        "type": "github"
      }
    },
    "hmm": {
      "inputs": {
        "flake-utils": [
          "flake-utils"
        ],
        "naersk": "naersk",
        "nixpkgs": [
          "nixpkgs"
        ]
      },
      "locked": {
        "lastModified": 1673837079,
        "narHash": "sha256-Xi73TMegABGbMBlRE8yzlSAoyLmvKGcbDKEHPqmxAXk=",
        "owner": "kubukoz",
        "repo": "hmm",
        "rev": "ef3dc7a0a212a73ed2b2b788368a1ea5f7fcfb9c",
        "type": "github"
      },
      "original": {
        "owner": "kubukoz",
        "repo": "hmm",
        "type": "github"
      }
    },
    "home-manager": {
      "inputs": {
        "nixpkgs": [
          "nixpkgs"
        ]
      },
      "locked": {
        "lastModified": 1701728041,
        "narHash": "sha256-x0pyrI1vC8evVDxCxyO6olOyr4wlFg9+VS3C3p4xFYQ=",
        "owner": "nix-community",
        "repo": "home-manager",
        "rev": "ac7216918cd65f3824ba7817dea8f22e61221eaf",
        "type": "github"
      },
      "original": {
        "owner": "nix-community",
        "repo": "home-manager",
        "type": "github"
      }
    },
    "naersk": {
      "inputs": {
        "nixpkgs": [
          "hmm",
          "nixpkgs"
        ]
      },
      "locked": {
        "lastModified": 1671096816,
        "narHash": "sha256-ezQCsNgmpUHdZANDCILm3RvtO1xH8uujk/+EqNvzIOg=",
        "owner": "nix-community",
        "repo": "naersk",
        "rev": "d998160d6a076cfe8f9741e56aeec7e267e3e114",
        "type": "github"
      },
      "original": {
        "owner": "nix-community",
        "repo": "naersk",
        "type": "github"
      }
    },
    "nix-sxm": {
      "inputs": {
        "flake-utils": [
          "nix-work",
          "flake-utils"
        ],
        "nixpkgs": [
          "nix-work",
          "nixpkgs"
        ],
        "onelogin-aws-assume-role": "onelogin-aws-assume-role",
        "onelogin-sdk": "onelogin-sdk",
        "sde": [
          "nix-work",
          "sde"
        ]
      },
      "locked": {
        "lastModified": 1702046756,
        "narHash": "sha256-d3gqP/b6RwqUpubegJR8gk7pTuzMxZdnt3GpF3RrMMQ=",
        "ref": "refs/heads/main",
        "rev": "f7ef89f479fec1516aed6e9eb731eac8e9a27d2e",
        "revCount": 67,
        "type": "git",
        "url": "file:///Users/kubukoz/dev/nix-sxm"
      },
      "original": {
        "type": "git",
        "url": "file:///Users/kubukoz/dev/nix-sxm"
      }
    },
    "nix-work": {
      "inputs": {
        "darwin": [
          "darwin"
        ],
        "flake-utils": [
          "flake-utils"
        ],
        "home-manager": [
          "home-manager"
        ],
        "nix-sxm": "nix-sxm",
        "nixpkgs": [
          "nixpkgs"
        ],
        "sde": "sde"
      },
      "locked": {
        "lastModified": 1702046792,
        "narHash": "sha256-cGhDz/Q5bTwR/aie5heKQHTlRVaeXw4zpCpjhjSqWkk=",
        "ref": "refs/heads/main",
        "rev": "da2a3386a627cdaad97f51efa3b1575a12c47c5c",
        "revCount": 56,
        "type": "git",
        "url": "file:///Users/kubukoz/dev/nix-work"
      },
      "original": {
        "type": "git",
        "url": "file:///Users/kubukoz/dev/nix-work"
      }
    },
    "nixpkgs": {
      "locked": {
        "lastModified": 1701693815,
        "narHash": "sha256-7BkrXykVWfkn6+c1EhFA3ko4MLi3gVG0p9G96PNnKTM=",
        "owner": "nixos",
        "repo": "nixpkgs",
        "rev": "09ec6a0881e1a36c29d67497693a67a16f4da573",
        "type": "github"
      },
      "original": {
        "owner": "nixos",
        "ref": "nixpkgs-unstable",
        "repo": "nixpkgs",
        "type": "github"
      }
    },
    "nixpkgs-master": {
      "locked": {
        "lastModified": 1701904393,
        "narHash": "sha256-q28NSsPBNUC7wEllAGuivwF2qm4FkIH+gOMzSeY9QDI=",
        "owner": "nixos",
        "repo": "nixpkgs",
        "rev": "e2de87d18b23e1a8e0fe4764390cc8f5eac02628",
        "type": "github"
      },
      "original": {
        "owner": "nixos",
        "repo": "nixpkgs",
        "type": "github"
      }
    },
    "onelogin-aws-assume-role": {
      "flake": false,
      "locked": {
        "lastModified": 1669154163,
        "narHash": "sha256-cHaelV6Mkgpv5XaJFRzqJLWfdZ9ctG7GPAMkGnvIpT0=",
        "owner": "onelogin",
        "repo": "onelogin-python-aws-assume-role",
        "rev": "a3d0a4ce4874ad777ac48381ccead9eece73886f",
        "type": "github"
      },
      "original": {
        "owner": "onelogin",
        "ref": "v1.10.1",
        "repo": "onelogin-python-aws-assume-role",
        "type": "github"
      }
    },
    "onelogin-sdk": {
      "flake": false,
      "locked": {
        "lastModified": 1657129356,
        "narHash": "sha256-KfrYvsNr+RZOTmhJHYcLhxvKy00vUmejvcX9d1e6Rqo=",
        "owner": "onelogin",
        "repo": "onelogin-python-sdk",
        "rev": "a811720cc230507f328f2cc4379237ec205be6f8",
        "type": "github"
      },
      "original": {
        "owner": "onelogin",
        "ref": "2.0.4",
        "repo": "onelogin-python-sdk",
        "type": "github"
      }
    },
    "root": {
      "inputs": {
        "darwin": "darwin",
        "flake-utils": "flake-utils",
        "hmm": "hmm",
        "home-manager": "home-manager",
        "nix-work": "nix-work",
        "nixpkgs": "nixpkgs",
        "nixpkgs-master": "nixpkgs-master"
      }
    },
    "sde": {
      "flake": false,
      "locked": {
        "lastModified": 1701795714,
        "narHash": "sha256-dC9lCnLZsbB4k2B4FCwQIv69TTd94Gcz+s70GSCaZ1o=",
        "path": "/Users/kubukoz/dev/.sde",
        "type": "path"
      },
      "original": {
        "path": "/Users/kubukoz/dev/.sde",
        "type": "path"
      }
    },
    "systems": {
      "locked": {
        "lastModified": 1681028828,
        "narHash": "sha256-Vy1rq5AaRuLzOxct8nz4T6wlgyUR7zLU309k9mBC768=",
        "owner": "nix-systems",
        "repo": "default",
        "rev": "da67096a3b9bf56a91d16901293e51ba5b49a27e",
        "type": "github"
      },
      "original": {
        "owner": "nix-systems",
        "repo": "default",
        "type": "github"
      }
    }
  },
  "root": "root",
  "version": 7
}
