{
  "nodes": {
    "darwin": {
      "inputs": {
        "nixpkgs": [
          "nixpkgs"
        ]
      },
      "locked": {
        "lastModified": 1673295039,
        "narHash": "sha256-AsdYgE8/GPwcelGgrntlijMg4t3hLFJFCRF3tL5WVjA=",
        "owner": "lnl7",
        "repo": "nix-darwin",
        "rev": "87b9d090ad39b25b2400029c64825fc2a8868943",
        "type": "github"
      },
      "original": {
        "owner": "lnl7",
        "ref": "master",
        "repo": "nix-darwin",
        "type": "github"
      }
    },
    "flake-compat": {
      "flake": false,
      "locked": {
        "lastModified": 1673956053,
        "narHash": "sha256-4gtG9iQuiKITOjNQQeQIpoIB6b16fm+504Ch3sNKLd8=",
        "owner": "edolstra",
        "repo": "flake-compat",
        "rev": "35bb57c0c8d8b62bbfd284272c928ceb64ddbde9",
        "type": "github"
      },
      "original": {
        "owner": "edolstra",
        "repo": "flake-compat",
        "type": "github"
      }
    },
    "flake-utils": {
      "locked": {
        "lastModified": 1667395993,
        "narHash": "sha256-nuEHfE/LcWyuSWnS8t12N1wc105Qtau+/OdUAjtQ0rA=",
        "owner": "numtide",
        "repo": "flake-utils",
        "rev": "5aed5285a952e0b949eb3ba02c12fa4fcfef535f",
        "type": "github"
      },
      "original": {
        "owner": "numtide",
        "repo": "flake-utils",
        "type": "github"
      }
    },
    "hmm": {
      "inputs": {
        "flake-utils": [
          "flake-utils"
        ],
        "naersk": "naersk",
        "nixpkgs": [
          "nixpkgs"
        ]
      },
      "locked": {
        "lastModified": 1673837079,
        "narHash": "sha256-Xi73TMegABGbMBlRE8yzlSAoyLmvKGcbDKEHPqmxAXk=",
        "owner": "kubukoz",
        "repo": "hmm",
        "rev": "ef3dc7a0a212a73ed2b2b788368a1ea5f7fcfb9c",
        "type": "github"
      },
      "original": {
        "owner": "kubukoz",
        "repo": "hmm",
        "type": "github"
      }
    },
    "home-manager": {
      "inputs": {
        "nixpkgs": [
          "nixpkgs"
        ],
        "utils": [
          "flake-utils"
        ]
      },
      "locked": {
        "lastModified": 1673815682,
        "narHash": "sha256-zG7Rroki+89poCTr1D8BM/wTCl+DZJvU4IUE+5hxG7U=",
        "owner": "nix-community",
        "repo": "home-manager",
        "rev": "3e42035fc013ed4d8af6ee8dc0079c0c551c45a5",
        "type": "github"
      },
      "original": {
        "owner": "nix-community",
        "repo": "home-manager",
        "type": "github"
      }
    },
    "naersk": {
      "inputs": {
        "nixpkgs": [
          "hmm",
          "nixpkgs"
        ]
      },
      "locked": {
        "lastModified": 1671096816,
        "narHash": "sha256-ezQCsNgmpUHdZANDCILm3RvtO1xH8uujk/+EqNvzIOg=",
        "owner": "nix-community",
        "repo": "naersk",
        "rev": "d998160d6a076cfe8f9741e56aeec7e267e3e114",
        "type": "github"
      },
      "original": {
        "owner": "nix-community",
        "repo": "naersk",
        "type": "github"
      }
    },
    "nix-sxm": {
      "inputs": {
        "flake-compat": "flake-compat",
        "flake-utils": [
          "nix-work",
          "flake-utils"
        ],
        "nixpkgs": [
          "nix-work",
          "nixpkgs"
        ],
        "sde": [
          "nix-work",
          "sde"
        ]
      },
      "locked": {
        "lastModified": 1673971476,
        "narHash": "sha256-5A+A4Lcs05CK1ch3vMwZg/acLc1zuMXviNRaDUnhEc0=",
        "ref": "refs/heads/main",
        "rev": "8ccbe84b20071d45496d7d4f74e2c376f8e0e340",
        "revCount": 29,
        "type": "git",
        "url": "file:///Users/kubukoz/dev/nix-sxm"
      },
      "original": {
        "type": "git",
        "url": "file:///Users/kubukoz/dev/nix-sxm"
      }
    },
    "nix-work": {
      "inputs": {
        "darwin": [
          "darwin"
        ],
        "flake-utils": [
          "flake-utils"
        ],
        "home-manager": [
          "home-manager"
        ],
        "nix-sxm": "nix-sxm",
        "nixpkgs": [
          "nixpkgs"
        ],
        "sde": "sde"
      },
      "locked": {
        "lastModified": 1673971535,
        "narHash": "sha256-68jx7beaeqZRm01q/G5rVim1ny8YJzMIflhm0X6WoVk=",
        "ref": "refs/heads/main",
        "rev": "dde667a8efc3914951ac082d87757aac426d119d",
        "revCount": 32,
        "type": "git",
        "url": "file:///Users/kubukoz/dev/nix-work"
      },
      "original": {
        "type": "git",
        "url": "file:///Users/kubukoz/dev/nix-work"
      }
    },
    "nixpkgs": {
      "locked": {
        "lastModified": 1673606088,
        "narHash": "sha256-wdYD41UwNwPhTdMaG0AIe7fE1bAdyHe6bB4HLUqUvck=",
        "owner": "nixos",
        "repo": "nixpkgs",
        "rev": "37b97ae3dd714de9a17923d004a2c5b5543dfa6d",
        "type": "github"
      },
      "original": {
        "owner": "nixos",
        "ref": "nixpkgs-unstable",
        "repo": "nixpkgs",
        "type": "github"
      }
    },
    "onelogin-aws-assume-role": {
      "flake": false,
      "locked": {
        "lastModified": 1673304852,
        "narHash": "sha256-Cle2br/nVfu+KeKsvkEUCD4k4HVAryNd/X2zGKRZf4k=",
        "owner": "onelogin",
        "repo": "onelogin-python-aws-assume-role",
        "rev": "bbc825c8d003a72d6761a2ac20d9298886d665ff",
        "type": "github"
      },
      "original": {
        "owner": "onelogin",
        "repo": "onelogin-python-aws-assume-role",
        "type": "github"
      }
    },
    "onelogin-sdk": {
      "flake": false,
      "locked": {
        "lastModified": 1657129356,
        "narHash": "sha256-KfrYvsNr+RZOTmhJHYcLhxvKy00vUmejvcX9d1e6Rqo=",
        "owner": "onelogin",
        "repo": "onelogin-python-sdk",
        "rev": "a811720cc230507f328f2cc4379237ec205be6f8",
        "type": "github"
      },
      "original": {
        "owner": "onelogin",
        "ref": "2.0.4",
        "repo": "onelogin-python-sdk",
        "type": "github"
      }
    },
    "root": {
      "inputs": {
        "darwin": "darwin",
        "flake-utils": "flake-utils",
        "hmm": "hmm",
        "home-manager": "home-manager",
        "nix-work": "nix-work",
        "nixpkgs": "nixpkgs"
      }
    },
    "sde": {
      "inputs": {
        "flake-utils": [
          "nix-work",
          "flake-utils"
        ],
        "nixpkgs": [
          "nix-work",
          "nixpkgs"
        ],
        "onelogin-aws-assume-role": "onelogin-aws-assume-role",
        "onelogin-sdk": "onelogin-sdk"
      },
      "locked": {
        "lastModified": 1673884486,
        "narHash": "sha256-NXY3gH9qChqrayItJNA9AogLqctD5Lt3EfhUjh+itS4=",
        "ref": "refs/heads/nixify",
        "rev": "09e40b6c0eedafc28fd360fa009dd85cbcf451df",
        "revCount": 93,
        "type": "git",
        "url": "file:///Users/kubukoz/dev/.sde"
      },
      "original": {
        "type": "git",
        "url": "file:///Users/kubukoz/dev/.sde"
      }
    }
  },
  "root": "root",
  "version": 7
}
