{
  "nodes": {
    "darwin": {
      "inputs": {
        "nixpkgs": [
          "nixpkgs"
        ]
      },
      "locked": {
        "lastModified": 1634994402,
        "narHash": "sha256-xmlCVVOYGpZoxgOqsDOVF0B0ASrnbNGVAEzID9qh2xo=",
        "owner": "lnl7",
        "repo": "nix-darwin",
        "rev": "44da835ac40dab5fd231298b59d83487382d2fab",
        "type": "github"
      },
      "original": {
        "owner": "lnl7",
        "ref": "master",
        "repo": "nix-darwin",
        "type": "github"
      }
    },
    "flake-utils": {
      "locked": {
        "lastModified": 1637014545,
        "narHash": "sha256-26IZAc5yzlD9FlDT54io1oqG/bBoyka+FJk5guaX4x4=",
        "owner": "numtide",
        "repo": "flake-utils",
        "rev": "bba5dcc8e0b20ab664967ad83d24d64cb64ec4f4",
        "type": "github"
      },
      "original": {
        "owner": "numtide",
        "repo": "flake-utils",
        "type": "github"
      }
    },
    "home-manager": {
      "inputs": {
        "nixpkgs": [
          "nixpkgs"
        ]
      },
      "locked": {
        "lastModified": 1637088670,
        "narHash": "sha256-d49wUICXl1iItqvk0lbMwjpUbro86mBrV6876C+SLcA=",
        "owner": "nix-community",
        "repo": "home-manager",
        "rev": "5559ef002306dde0093f3d329725259cada9ed41",
        "type": "github"
      },
      "original": {
        "owner": "nix-community",
        "repo": "home-manager",
        "rev": "5559ef002306dde0093f3d329725259cada9ed41",
        "type": "github"
      }
    },
    "nix-dss": {
      "inputs": {
        "flake-utils": "flake-utils",
        "nixpkgs": [
          "nixpkgs"
        ],
        "vscode-extensions": "vscode-extensions"
      },
      "locked": {
        "lastModified": 1637202843,
        "narHash": "sha256-/Bc1VnGWL95oXmB47hXngze3qELIy5CPg+XNUilFU7Q=",
        "ref": "flakes",
        "rev": "0d836bf121af3be86fbe6466fcbc354f4453bfe0",
        "revCount": 108,
        "type": "git",
        "url": "ssh://git@github.bamtech.co/jkozlowski/nix-dss"
      },
      "original": {
        "ref": "flakes",
        "type": "git",
        "url": "ssh://git@github.bamtech.co/jkozlowski/nix-dss"
      }
    },
    "nixpkgs": {
      "locked": {
        "lastModified": 1631813743,
        "narHash": "sha256-UgeSiJti2N/QuVt+Jd3x3gizsPGQh6UjDiCkcwUX4tg=",
        "owner": "nixos",
        "repo": "nixpkgs",
        "rev": "2182da1de8081da92f3c5c04e3fa5e5452266afc",
        "type": "github"
      },
      "original": {
        "owner": "nixos",
        "repo": "nixpkgs",
        "rev": "2182da1de8081da92f3c5c04e3fa5e5452266afc",
        "type": "github"
      }
    },
    "root": {
      "inputs": {
        "darwin": "darwin",
        "home-manager": "home-manager",
        "nix-dss": "nix-dss",
        "nixpkgs": "nixpkgs",
        "unstable": "unstable"
      }
    },
    "unstable": {
      "locked": {
        "lastModified": 1637105146,
        "narHash": "sha256-ALLncrOEK90PEnvEqogPwssAhhMtiykVUwT6h7bcGAo=",
        "owner": "nixos",
        "repo": "nixpkgs",
        "rev": "b42d15105172721b2ec34981d574cab7956e80a9",
        "type": "github"
      },
      "original": {
        "owner": "nixos",
        "repo": "nixpkgs",
        "rev": "b42d15105172721b2ec34981d574cab7956e80a9",
        "type": "github"
      }
    },
    "vscode-extensions": {
      "inputs": {
        "flake-utils": [
          "nix-dss",
          "flake-utils"
        ],
        "nixpkgs": [
          "nix-dss",
          "nixpkgs"
        ],
        "vscode-smithy": "vscode-smithy"
      },
      "locked": {
        "narHash": "sha256-PZDX4Lsuj9bfXtEoBblWBrm5l5FZ+IluTrsjH+ytXLk=",
        "path": "./vscode-extensions",
        "type": "path"
      },
      "original": {
        "path": "./vscode-extensions",
        "type": "path"
      }
    },
    "vscode-smithy": {
      "inputs": {
        "flake-utils": [
          "nix-dss",
          "vscode-extensions",
          "flake-utils"
        ],
        "nixpkgs": [
          "nix-dss",
          "vscode-extensions",
          "nixpkgs"
        ],
        "vscode-smithy-src": "vscode-smithy-src"
      },
      "locked": {
        "narHash": "sha256-GYLjI2KQYtMrLppI3qJgoz1nuHJqP3+utpAVcy+Aa+8=",
        "path": "../programs/vscode-smithy",
        "type": "path"
      },
      "original": {
        "path": "../programs/vscode-smithy",
        "type": "path"
      }
    },
    "vscode-smithy-src": {
      "flake": false,
      "locked": {
        "lastModified": 1633104568,
        "narHash": "sha256-HxdqUwl0nYelrVjMH+Uy+RM/iY+Ei1slyj8YU3NZk/s=",
        "ref": "master",
        "rev": "ebdb450bdd920e554ccbe013da2687a71c92435e",
        "revCount": 23,
        "type": "git",
        "url": "ssh://git@github.bamtech.co/oss/vscode-smithy"
      },
      "original": {
        "type": "git",
        "url": "ssh://git@github.bamtech.co/oss/vscode-smithy"
      }
    }
  },
  "root": "root",
  "version": 7
}
